
Microsoft Visual Studio Solution File, Format Version 12.00
# Visual Studio Version 17
VisualStudioVersion = 17.14.36518.9
MinimumVisualStudioVersion = 10.0.40219.1
Project("{2150E333-8FDC-42A3-9474-1A3956D46DE8}") = "Task0", "Task0", "{02EA681E-C7D8-13C7-8484-4AC65E1B71E8}"
EndProject
Project("{FAE04EC0-301F-11D3-BF4B-00C04F79EFBC}") = "Tyuiu.BerezovskiyAS.Sprint5.Task0.V27", "Tyuiu.BerezovskiyAS.Sprint5.Task0.V27\Tyuiu.BerezovskiyAS.Sprint5.Task0.V27.csproj", "{4DF13575-94D4-4D05-A235-66A79CD26413}"
EndProject
Project("{FAE04EC0-301F-11D3-BF4B-00C04F79EFBC}") = "Tyuiu.BerezovskiyAS.Sprint5.Task0.V27.Lib", "Tyuiu.BerezovskiyAS.Sprint5.Task0.V27.Lib\Tyuiu.BerezovskiyAS.Sprint5.Task0.V27.Lib.csproj", "{60DF8AA8-486D-4881-AA43-D99CD4D86EED}"
EndProject
Project("{FAE04EC0-301F-11D3-BF4B-00C04F79EFBC}") = "Tyuiu.BerezovskiyAS.Sprint5.Task0.V27.Test", "Tyuiu.BerezovskiyAS.Sprint5.Task0.V27.Test\Tyuiu.BerezovskiyAS.Sprint5.Task0.V27.Test.csproj", "{EA4951C9-FC74-4F46-BE10-938FFB192BDA}"
EndProject
Global
	GlobalSection(SolutionConfigurationPlatforms) = preSolution
		Debug|Any CPU = Debug|Any CPU
		Release|Any CPU = Release|Any CPU
	EndGlobalSection
	GlobalSection(ProjectConfigurationPlatforms) = postSolution
		{4DF13575-94D4-4D05-A235-66A79CD26413}.Debug|Any CPU.ActiveCfg = Debug|Any CPU
		{4DF13575-94D4-4D05-A235-66A79CD26413}.Debug|Any CPU.Build.0 = Debug|Any CPU
		{4DF13575-94D4-4D05-A235-66A79CD26413}.Release|Any CPU.ActiveCfg = Release|Any CPU
		{4DF13575-94D4-4D05-A235-66A79CD26413}.Release|Any CPU.Build.0 = Release|Any CPU
		{60DF8AA8-486D-4881-AA43-D99CD4D86EED}.Debug|Any CPU.ActiveCfg = Debug|Any CPU
		{60DF8AA8-486D-4881-AA43-D99CD4D86EED}.Debug|Any CPU.Build.0 = Debug|Any CPU
		{60DF8AA8-486D-4881-AA43-D99CD4D86EED}.Release|Any CPU.ActiveCfg = Release|Any CPU
		{60DF8AA8-486D-4881-AA43-D99CD4D86EED}.Release|Any CPU.Build.0 = Release|Any CPU
		{EA4951C9-FC74-4F46-BE10-938FFB192BDA}.Debug|Any CPU.ActiveCfg = Debug|Any CPU
		{EA4951C9-FC74-4F46-BE10-938FFB192BDA}.Debug|Any CPU.Build.0 = Debug|Any CPU
		{EA4951C9-FC74-4F46-BE10-938FFB192BDA}.Release|Any CPU.ActiveCfg = Release|Any CPU
		{EA4951C9-FC74-4F46-BE10-938FFB192BDA}.Release|Any CPU.Build.0 = Release|Any CPU
	EndGlobalSection
	GlobalSection(SolutionProperties) = preSolution
		HideSolutionNode = FALSE
	EndGlobalSection
	GlobalSection(NestedProjects) = preSolution
		{4DF13575-94D4-4D05-A235-66A79CD26413} = {02EA681E-C7D8-13C7-8484-4AC65E1B71E8}
		{60DF8AA8-486D-4881-AA43-D99CD4D86EED} = {02EA681E-C7D8-13C7-8484-4AC65E1B71E8}
		{EA4951C9-FC74-4F46-BE10-938FFB192BDA} = {02EA681E-C7D8-13C7-8484-4AC65E1B71E8}
	EndGlobalSection
	GlobalSection(ExtensibilityGlobals) = postSolution
		SolutionGuid = {6A5BDDE6-D745-4342-AB02-AE035659A5D5}
	EndGlobalSection
EndGlobal
