
Microsoft Visual Studio Solution File, Format Version 12.00
# Visual Studio Version 17
VisualStudioVersion = 17.14.36518.9
MinimumVisualStudioVersion = 10.0.40219.1
Project("{2150E333-8FDC-42A3-9474-1A3956D46DE8}") = "Task0", "Task0", "{02EA681E-C7D8-13C7-8484-4AC65E1B71E8}"
EndProject
Project("{FAE04EC0-301F-11D3-BF4B-00C04F79EFBC}") = "Tyuiu.BerezovskiyAS.Sprint5.Task0.V27", "Tyuiu.BerezovskiyAS.Sprint5.Task0.V27\Tyuiu.BerezovskiyAS.Sprint5.Task0.V27.csproj", "{4DF13575-94D4-4D05-A235-66A79CD26413}"
EndProject
Project("{FAE04EC0-301F-11D3-BF4B-00C04F79EFBC}") = "Tyuiu.BerezovskiyAS.Sprint5.Task0.V27.Lib", "Tyuiu.BerezovskiyAS.Sprint5.Task0.V27.Lib\Tyuiu.BerezovskiyAS.Sprint5.Task0.V27.Lib.csproj", "{60DF8AA8-486D-4881-AA43-D99CD4D86EED}"
EndProject
Project("{FAE04EC0-301F-11D3-BF4B-00C04F79EFBC}") = "Tyuiu.BerezovskiyAS.Sprint5.Task0.V27.Test", "Tyuiu.BerezovskiyAS.Sprint5.Task0.V27.Test\Tyuiu.BerezovskiyAS.Sprint5.Task0.V27.Test.csproj", "{EA4951C9-FC74-4F46-BE10-938FFB192BDA}"
EndProject
Project("{2150E333-8FDC-42A3-9474-1A3956D46DE8}") = "Task1", "Task1", "{EB5B0822-8E8D-4920-B9E9-1ACED41F09DC}"
EndProject
Project("{FAE04EC0-301F-11D3-BF4B-00C04F79EFBC}") = "Tyuiu.BerezovskiyAS.Sprint5.Task1.V2", "Tyuiu.BerezovskiyAS.Sprint5.Task1.V2\Tyuiu.BerezovskiyAS.Sprint5.Task1.V2.csproj", "{78D17C2E-596C-42D6-ACC3-E1C9629EC524}"
EndProject
Project("{FAE04EC0-301F-11D3-BF4B-00C04F79EFBC}") = "Tyuiu.BerezovskiyAS.Sprint5.Task1.V2.Lib", "Tyuiu.BerezovskiyAS.Sprint5.Task1.V2.Lib\Tyuiu.BerezovskiyAS.Sprint5.Task1.V2.Lib.csproj", "{33A9E50D-4362-4B39-B0DE-4A9F47716E4F}"
EndProject
Project("{FAE04EC0-301F-11D3-BF4B-00C04F79EFBC}") = "Tyuiu.BerezovskiyAS.Sprint5.Task1.V2.Test", "Tyuiu.BerezovskiyAS.Sprint5.Task1.V2.Test\Tyuiu.BerezovskiyAS.Sprint5.Task1.V2.Test.csproj", "{D7D3B98C-CD3C-4896-B4B1-181A48E69A29}"
EndProject
Project("{2150E333-8FDC-42A3-9474-1A3956D46DE8}") = "Task2", "Task2", "{E16F9976-E346-433C-8116-C7A800F560FE}"
EndProject
Project("{FAE04EC0-301F-11D3-BF4B-00C04F79EFBC}") = "Tyuiu.BerezovskiyAS.Sprint5.Task2.V25", "Tyuiu.BerezovskiyAS.Sprint5.Task2.V25\Tyuiu.BerezovskiyAS.Sprint5.Task2.V25.csproj", "{CFDD7909-55D3-4958-A94D-9FDD957217AD}"
EndProject
Project("{FAE04EC0-301F-11D3-BF4B-00C04F79EFBC}") = "Tyuiu.BerezovskiyAS.Sprint5.Task2.V25.Lib", "Tyuiu.BerezovskiyAS.Sprint5.Task2.V25.Lib\Tyuiu.BerezovskiyAS.Sprint5.Task2.V25.Lib.csproj", "{FC13B489-4269-4043-A6B6-B94BA2F8D40B}"
EndProject
Project("{FAE04EC0-301F-11D3-BF4B-00C04F79EFBC}") = "Tyuiu.BerezovskiyAS.Sprint5.Task2.V25.Test", "Tyuiu.BerezovskiyAS.Sprint5.Task2.V25.Test\Tyuiu.BerezovskiyAS.Sprint5.Task2.V25.Test.csproj", "{BC9798E2-7A44-4DCD-AAF1-2C5CCDCE4F20}"
EndProject
Project("{2150E333-8FDC-42A3-9474-1A3956D46DE8}") = "Task3", "Task3", "{A1AB982B-8022-409F-A3BD-F244FDCEB69D}"
EndProject
Project("{FAE04EC0-301F-11D3-BF4B-00C04F79EFBC}") = "Tyuiu.BerezovskiyAS.Sprint5.Task3.V22", "Tyuiu.BerezovskiyAS.Sprint5.Task3.V22\Tyuiu.BerezovskiyAS.Sprint5.Task3.V22.csproj", "{334AB96A-98B0-4B48-9EAC-F1B9C5A007EA}"
EndProject
Project("{FAE04EC0-301F-11D3-BF4B-00C04F79EFBC}") = "Tyuiu.BerezovskiyAS.Sprint5.Task3.V22.Lib", "Tyuiu.BerezovskiyAS.Sprint5.Task3.V22.Lib\Tyuiu.BerezovskiyAS.Sprint5.Task3.V22.Lib.csproj", "{FCA172AF-850C-403B-80CA-CA4B3D24369C}"
EndProject
Project("{FAE04EC0-301F-11D3-BF4B-00C04F79EFBC}") = "Tyuiu.BerezovskiyAS.Sprint5.Task3.V22.Test", "Tyuiu.BerezovskiyAS.Sprint5.Task3.V22.Test\Tyuiu.BerezovskiyAS.Sprint5.Task3.V22.Test.csproj", "{30493738-6980-417C-AFF5-EAC6ADC884D6}"
EndProject
Project("{2150E333-8FDC-42A3-9474-1A3956D46DE8}") = "Task4", "Task4", "{9A39DA02-6933-4780-B45D-4CA61FEAA273}"
EndProject
Project("{FAE04EC0-301F-11D3-BF4B-00C04F79EFBC}") = "Tyuiu.BerezovskiyAS.Sprint5.Task4.V29", "Tyuiu.BerezovskiyAS.Sprint5.Task4.V29\Tyuiu.BerezovskiyAS.Sprint5.Task4.V29.csproj", "{6FC0325D-C486-41DD-8BCC-C8E431C990D4}"
EndProject
Project("{FAE04EC0-301F-11D3-BF4B-00C04F79EFBC}") = "Tyuiu.BerezovskiyAS.Sprint5.Task4.V29.Lib", "Tyuiu.BerezovskiyAS.Sprint5.Task4.V29.Lib\Tyuiu.BerezovskiyAS.Sprint5.Task4.V29.Lib.csproj", "{14AD14DD-8011-4091-A115-86D343E6FDC2}"
EndProject
Project("{FAE04EC0-301F-11D3-BF4B-00C04F79EFBC}") = "Tyuiu.BerezovskiyAS.Sprint5.Task4.V29.Test", "Tyuiu.BerezovskiyAS.Sprint5.Task4.V29.Test\Tyuiu.BerezovskiyAS.Sprint5.Task4.V29.Test.csproj", "{85C45F8F-84ED-4BB9-83CB-A790B45C8347}"
EndProject
Project("{2150E333-8FDC-42A3-9474-1A3956D46DE8}") = "Task5", "Task5", "{0C3D2E7B-5C68-4991-8C7C-4C741F51195F}"
EndProject
Project("{FAE04EC0-301F-11D3-BF4B-00C04F79EFBC}") = "Tyuiu.BerezovskiyAS.Sprint5.Task5.V16", "Tyuiu.BerezovskiyAS.Sprint5.Task5.V16\Tyuiu.BerezovskiyAS.Sprint5.Task5.V16.csproj", "{3AE99937-D53F-4753-8EE3-FA7B7949BDB4}"
EndProject
Project("{FAE04EC0-301F-11D3-BF4B-00C04F79EFBC}") = "Tyuiu.BerezovskiyAS.Sprint5.Task5.V16.Lib", "Tyuiu.BerezovskiyAS.Sprint5.Task5.V16.Lib\Tyuiu.BerezovskiyAS.Sprint5.Task5.V16.Lib.csproj", "{C21D1361-5332-4731-A8F0-49D505D94479}"
EndProject
Project("{FAE04EC0-301F-11D3-BF4B-00C04F79EFBC}") = "Tyuiu.BerezovskiyAS.Sprint5.Task5.V16.Test", "Tyuiu.BerezovskiyAS.Sprint5.Task5.V16.Test\Tyuiu.BerezovskiyAS.Sprint5.Task5.V16.Test.csproj", "{1FA79BFB-6D05-414F-923D-EB559BB460B0}"
EndProject
Project("{2150E333-8FDC-42A3-9474-1A3956D46DE8}") = "Task6", "Task6", "{4741684A-B9D5-4F4B-A019-4AC59EA76DD8}"
EndProject
Project("{FAE04EC0-301F-11D3-BF4B-00C04F79EFBC}") = "Tyuiu.BerezovskiyAS.Sprint5.Task6.V22", "Tyuiu.BerezovskiyAS.Sprint5.Task6.V22\Tyuiu.BerezovskiyAS.Sprint5.Task6.V22.csproj", "{E080C194-6B9B-4A29-A9FB-0E8B5CD1F767}"
EndProject
Project("{FAE04EC0-301F-11D3-BF4B-00C04F79EFBC}") = "Tyuiu.BerezovskiyAS.Sprint5.Task6.V22.Lib", "Tyuiu.BerezovskiyAS.Sprint5.Task6.V22.Lib\Tyuiu.BerezovskiyAS.Sprint5.Task6.V22.Lib.csproj", "{86296FDE-BEB2-478D-A6ED-1FA4EFC5EF34}"
EndProject
Project("{FAE04EC0-301F-11D3-BF4B-00C04F79EFBC}") = "Tyuiu.BerezovskiyAS.Sprint5.Task6.V22.Test", "Tyuiu.BerezovskiyAS.Sprint5.Task6.V22.Test\Tyuiu.BerezovskiyAS.Sprint5.Task6.V22.Test.csproj", "{60E66B6C-271A-4C48-B67A-2B49B15B4C35}"
EndProject
Project("{2150E333-8FDC-42A3-9474-1A3956D46DE8}") = "Task7", "Task7", "{6E49A6C9-565C-4CC9-846C-1A522E1AACBB}"
EndProject
Project("{FAE04EC0-301F-11D3-BF4B-00C04F79EFBC}") = "Tyuiu.BerezovskiyAS.Sprint5.Task7.V6", "Tyuiu.BerezovskiyAS.Sprint5.Task7.V6\Tyuiu.BerezovskiyAS.Sprint5.Task7.V6.csproj", "{88DD0679-A77C-4F0C-B3E8-0AEB5D4EDFD2}"
EndProject
Project("{FAE04EC0-301F-11D3-BF4B-00C04F79EFBC}") = "Tyuiu.BerezovskiyAS.Sprint5.Task7.V6.Lib", "Tyuiu.BerezovskiyAS.Sprint5.Task7.V6.Lib\Tyuiu.BerezovskiyAS.Sprint5.Task7.V6.Lib.csproj", "{FA06688B-0DB7-4181-AE42-48645F01F831}"
EndProject
Project("{FAE04EC0-301F-11D3-BF4B-00C04F79EFBC}") = "Tyuiu.BerezovskiyAS.Sprint5.Task7.V6.Test", "Tyuiu.BerezovskiyAS.Sprint5.Task7.V6.Test\Tyuiu.BerezovskiyAS.Sprint5.Task7.V6.Test.csproj", "{0CC4DE58-8D6F-49CA-8089-45825F757A87}"
EndProject
Global
	GlobalSection(SolutionConfigurationPlatforms) = preSolution
		Debug|Any CPU = Debug|Any CPU
		Release|Any CPU = Release|Any CPU
	EndGlobalSection
	GlobalSection(ProjectConfigurationPlatforms) = postSolution
		{4DF13575-94D4-4D05-A235-66A79CD26413}.Debug|Any CPU.ActiveCfg = Debug|Any CPU
		{4DF13575-94D4-4D05-A235-66A79CD26413}.Debug|Any CPU.Build.0 = Debug|Any CPU
		{4DF13575-94D4-4D05-A235-66A79CD26413}.Release|Any CPU.ActiveCfg = Release|Any CPU
		{4DF13575-94D4-4D05-A235-66A79CD26413}.Release|Any CPU.Build.0 = Release|Any CPU
		{60DF8AA8-486D-4881-AA43-D99CD4D86EED}.Debug|Any CPU.ActiveCfg = Debug|Any CPU
		{60DF8AA8-486D-4881-AA43-D99CD4D86EED}.Debug|Any CPU.Build.0 = Debug|Any CPU
		{60DF8AA8-486D-4881-AA43-D99CD4D86EED}.Release|Any CPU.ActiveCfg = Release|Any CPU
		{60DF8AA8-486D-4881-AA43-D99CD4D86EED}.Release|Any CPU.Build.0 = Release|Any CPU
		{EA4951C9-FC74-4F46-BE10-938FFB192BDA}.Debug|Any CPU.ActiveCfg = Debug|Any CPU
		{EA4951C9-FC74-4F46-BE10-938FFB192BDA}.Debug|Any CPU.Build.0 = Debug|Any CPU
		{EA4951C9-FC74-4F46-BE10-938FFB192BDA}.Release|Any CPU.ActiveCfg = Release|Any CPU
		{EA4951C9-FC74-4F46-BE10-938FFB192BDA}.Release|Any CPU.Build.0 = Release|Any CPU
		{78D17C2E-596C-42D6-ACC3-E1C9629EC524}.Debug|Any CPU.ActiveCfg = Debug|Any CPU
		{78D17C2E-596C-42D6-ACC3-E1C9629EC524}.Debug|Any CPU.Build.0 = Debug|Any CPU
		{78D17C2E-596C-42D6-ACC3-E1C9629EC524}.Release|Any CPU.ActiveCfg = Release|Any CPU
		{78D17C2E-596C-42D6-ACC3-E1C9629EC524}.Release|Any CPU.Build.0 = Release|Any CPU
		{33A9E50D-4362-4B39-B0DE-4A9F47716E4F}.Debug|Any CPU.ActiveCfg = Debug|Any CPU
		{33A9E50D-4362-4B39-B0DE-4A9F47716E4F}.Debug|Any CPU.Build.0 = Debug|Any CPU
		{33A9E50D-4362-4B39-B0DE-4A9F47716E4F}.Release|Any CPU.ActiveCfg = Release|Any CPU
		{33A9E50D-4362-4B39-B0DE-4A9F47716E4F}.Release|Any CPU.Build.0 = Release|Any CPU
		{D7D3B98C-CD3C-4896-B4B1-181A48E69A29}.Debug|Any CPU.ActiveCfg = Debug|Any CPU
		{D7D3B98C-CD3C-4896-B4B1-181A48E69A29}.Debug|Any CPU.Build.0 = Debug|Any CPU
		{D7D3B98C-CD3C-4896-B4B1-181A48E69A29}.Release|Any CPU.ActiveCfg = Release|Any CPU
		{D7D3B98C-CD3C-4896-B4B1-181A48E69A29}.Release|Any CPU.Build.0 = Release|Any CPU
		{CFDD7909-55D3-4958-A94D-9FDD957217AD}.Debug|Any CPU.ActiveCfg = Debug|Any CPU
		{CFDD7909-55D3-4958-A94D-9FDD957217AD}.Debug|Any CPU.Build.0 = Debug|Any CPU
		{CFDD7909-55D3-4958-A94D-9FDD957217AD}.Release|Any CPU.ActiveCfg = Release|Any CPU
		{CFDD7909-55D3-4958-A94D-9FDD957217AD}.Release|Any CPU.Build.0 = Release|Any CPU
		{FC13B489-4269-4043-A6B6-B94BA2F8D40B}.Debug|Any CPU.ActiveCfg = Debug|Any CPU
		{FC13B489-4269-4043-A6B6-B94BA2F8D40B}.Debug|Any CPU.Build.0 = Debug|Any CPU
		{FC13B489-4269-4043-A6B6-B94BA2F8D40B}.Release|Any CPU.ActiveCfg = Release|Any CPU
		{FC13B489-4269-4043-A6B6-B94BA2F8D40B}.Release|Any CPU.Build.0 = Release|Any CPU
		{BC9798E2-7A44-4DCD-AAF1-2C5CCDCE4F20}.Debug|Any CPU.ActiveCfg = Debug|Any CPU
		{BC9798E2-7A44-4DCD-AAF1-2C5CCDCE4F20}.Debug|Any CPU.Build.0 = Debug|Any CPU
		{BC9798E2-7A44-4DCD-AAF1-2C5CCDCE4F20}.Release|Any CPU.ActiveCfg = Release|Any CPU
		{BC9798E2-7A44-4DCD-AAF1-2C5CCDCE4F20}.Release|Any CPU.Build.0 = Release|Any CPU
		{334AB96A-98B0-4B48-9EAC-F1B9C5A007EA}.Debug|Any CPU.ActiveCfg = Debug|Any CPU
		{334AB96A-98B0-4B48-9EAC-F1B9C5A007EA}.Debug|Any CPU.Build.0 = Debug|Any CPU
		{334AB96A-98B0-4B48-9EAC-F1B9C5A007EA}.Release|Any CPU.ActiveCfg = Release|Any CPU
		{334AB96A-98B0-4B48-9EAC-F1B9C5A007EA}.Release|Any CPU.Build.0 = Release|Any CPU
		{FCA172AF-850C-403B-80CA-CA4B3D24369C}.Debug|Any CPU.ActiveCfg = Debug|Any CPU
		{FCA172AF-850C-403B-80CA-CA4B3D24369C}.Debug|Any CPU.Build.0 = Debug|Any CPU
		{FCA172AF-850C-403B-80CA-CA4B3D24369C}.Release|Any CPU.ActiveCfg = Release|Any CPU
		{FCA172AF-850C-403B-80CA-CA4B3D24369C}.Release|Any CPU.Build.0 = Release|Any CPU
		{30493738-6980-417C-AFF5-EAC6ADC884D6}.Debug|Any CPU.ActiveCfg = Debug|Any CPU
		{30493738-6980-417C-AFF5-EAC6ADC884D6}.Debug|Any CPU.Build.0 = Debug|Any CPU
		{30493738-6980-417C-AFF5-EAC6ADC884D6}.Release|Any CPU.ActiveCfg = Release|Any CPU
		{30493738-6980-417C-AFF5-EAC6ADC884D6}.Release|Any CPU.Build.0 = Release|Any CPU
		{6FC0325D-C486-41DD-8BCC-C8E431C990D4}.Debug|Any CPU.ActiveCfg = Debug|Any CPU
		{6FC0325D-C486-41DD-8BCC-C8E431C990D4}.Debug|Any CPU.Build.0 = Debug|Any CPU
		{6FC0325D-C486-41DD-8BCC-C8E431C990D4}.Release|Any CPU.ActiveCfg = Release|Any CPU
		{6FC0325D-C486-41DD-8BCC-C8E431C990D4}.Release|Any CPU.Build.0 = Release|Any CPU
		{14AD14DD-8011-4091-A115-86D343E6FDC2}.Debug|Any CPU.ActiveCfg = Debug|Any CPU
		{14AD14DD-8011-4091-A115-86D343E6FDC2}.Debug|Any CPU.Build.0 = Debug|Any CPU
		{14AD14DD-8011-4091-A115-86D343E6FDC2}.Release|Any CPU.ActiveCfg = Release|Any CPU
		{14AD14DD-8011-4091-A115-86D343E6FDC2}.Release|Any CPU.Build.0 = Release|Any CPU
		{85C45F8F-84ED-4BB9-83CB-A790B45C8347}.Debug|Any CPU.ActiveCfg = Debug|Any CPU
		{85C45F8F-84ED-4BB9-83CB-A790B45C8347}.Debug|Any CPU.Build.0 = Debug|Any CPU
		{85C45F8F-84ED-4BB9-83CB-A790B45C8347}.Release|Any CPU.ActiveCfg = Release|Any CPU
		{85C45F8F-84ED-4BB9-83CB-A790B45C8347}.Release|Any CPU.Build.0 = Release|Any CPU
		{3AE99937-D53F-4753-8EE3-FA7B7949BDB4}.Debug|Any CPU.ActiveCfg = Debug|Any CPU
		{3AE99937-D53F-4753-8EE3-FA7B7949BDB4}.Debug|Any CPU.Build.0 = Debug|Any CPU
		{3AE99937-D53F-4753-8EE3-FA7B7949BDB4}.Release|Any CPU.ActiveCfg = Release|Any CPU
		{3AE99937-D53F-4753-8EE3-FA7B7949BDB4}.Release|Any CPU.Build.0 = Release|Any CPU
		{C21D1361-5332-4731-A8F0-49D505D94479}.Debug|Any CPU.ActiveCfg = Debug|Any CPU
		{C21D1361-5332-4731-A8F0-49D505D94479}.Debug|Any CPU.Build.0 = Debug|Any CPU
		{C21D1361-5332-4731-A8F0-49D505D94479}.Release|Any CPU.ActiveCfg = Release|Any CPU
		{C21D1361-5332-4731-A8F0-49D505D94479}.Release|Any CPU.Build.0 = Release|Any CPU
		{1FA79BFB-6D05-414F-923D-EB559BB460B0}.Debug|Any CPU.ActiveCfg = Debug|Any CPU
		{1FA79BFB-6D05-414F-923D-EB559BB460B0}.Debug|Any CPU.Build.0 = Debug|Any CPU
		{1FA79BFB-6D05-414F-923D-EB559BB460B0}.Release|Any CPU.ActiveCfg = Release|Any CPU
		{1FA79BFB-6D05-414F-923D-EB559BB460B0}.Release|Any CPU.Build.0 = Release|Any CPU
		{E080C194-6B9B-4A29-A9FB-0E8B5CD1F767}.Debug|Any CPU.ActiveCfg = Debug|Any CPU
		{E080C194-6B9B-4A29-A9FB-0E8B5CD1F767}.Debug|Any CPU.Build.0 = Debug|Any CPU
		{E080C194-6B9B-4A29-A9FB-0E8B5CD1F767}.Release|Any CPU.ActiveCfg = Release|Any CPU
		{E080C194-6B9B-4A29-A9FB-0E8B5CD1F767}.Release|Any CPU.Build.0 = Release|Any CPU
		{86296FDE-BEB2-478D-A6ED-1FA4EFC5EF34}.Debug|Any CPU.ActiveCfg = Debug|Any CPU
		{86296FDE-BEB2-478D-A6ED-1FA4EFC5EF34}.Debug|Any CPU.Build.0 = Debug|Any CPU
		{86296FDE-BEB2-478D-A6ED-1FA4EFC5EF34}.Release|Any CPU.ActiveCfg = Release|Any CPU
		{86296FDE-BEB2-478D-A6ED-1FA4EFC5EF34}.Release|Any CPU.Build.0 = Release|Any CPU
		{60E66B6C-271A-4C48-B67A-2B49B15B4C35}.Debug|Any CPU.ActiveCfg = Debug|Any CPU
		{60E66B6C-271A-4C48-B67A-2B49B15B4C35}.Debug|Any CPU.Build.0 = Debug|Any CPU
		{60E66B6C-271A-4C48-B67A-2B49B15B4C35}.Release|Any CPU.ActiveCfg = Release|Any CPU
		{60E66B6C-271A-4C48-B67A-2B49B15B4C35}.Release|Any CPU.Build.0 = Release|Any CPU
		{88DD0679-A77C-4F0C-B3E8-0AEB5D4EDFD2}.Debug|Any CPU.ActiveCfg = Debug|Any CPU
		{88DD0679-A77C-4F0C-B3E8-0AEB5D4EDFD2}.Debug|Any CPU.Build.0 = Debug|Any CPU
		{88DD0679-A77C-4F0C-B3E8-0AEB5D4EDFD2}.Release|Any CPU.ActiveCfg = Release|Any CPU
		{88DD0679-A77C-4F0C-B3E8-0AEB5D4EDFD2}.Release|Any CPU.Build.0 = Release|Any CPU
		{FA06688B-0DB7-4181-AE42-48645F01F831}.Debug|Any CPU.ActiveCfg = Debug|Any CPU
		{FA06688B-0DB7-4181-AE42-48645F01F831}.Debug|Any CPU.Build.0 = Debug|Any CPU
		{FA06688B-0DB7-4181-AE42-48645F01F831}.Release|Any CPU.ActiveCfg = Release|Any CPU
		{FA06688B-0DB7-4181-AE42-48645F01F831}.Release|Any CPU.Build.0 = Release|Any CPU
		{0CC4DE58-8D6F-49CA-8089-45825F757A87}.Debug|Any CPU.ActiveCfg = Debug|Any CPU
		{0CC4DE58-8D6F-49CA-8089-45825F757A87}.Debug|Any CPU.Build.0 = Debug|Any CPU
		{0CC4DE58-8D6F-49CA-8089-45825F757A87}.Release|Any CPU.ActiveCfg = Release|Any CPU
		{0CC4DE58-8D6F-49CA-8089-45825F757A87}.Release|Any CPU.Build.0 = Release|Any CPU
	EndGlobalSection
	GlobalSection(SolutionProperties) = preSolution
		HideSolutionNode = FALSE
	EndGlobalSection
	GlobalSection(NestedProjects) = preSolution
		{4DF13575-94D4-4D05-A235-66A79CD26413} = {02EA681E-C7D8-13C7-8484-4AC65E1B71E8}
		{60DF8AA8-486D-4881-AA43-D99CD4D86EED} = {02EA681E-C7D8-13C7-8484-4AC65E1B71E8}
		{EA4951C9-FC74-4F46-BE10-938FFB192BDA} = {02EA681E-C7D8-13C7-8484-4AC65E1B71E8}
		{78D17C2E-596C-42D6-ACC3-E1C9629EC524} = {EB5B0822-8E8D-4920-B9E9-1ACED41F09DC}
		{33A9E50D-4362-4B39-B0DE-4A9F47716E4F} = {EB5B0822-8E8D-4920-B9E9-1ACED41F09DC}
		{D7D3B98C-CD3C-4896-B4B1-181A48E69A29} = {EB5B0822-8E8D-4920-B9E9-1ACED41F09DC}
		{CFDD7909-55D3-4958-A94D-9FDD957217AD} = {E16F9976-E346-433C-8116-C7A800F560FE}
		{FC13B489-4269-4043-A6B6-B94BA2F8D40B} = {E16F9976-E346-433C-8116-C7A800F560FE}
		{BC9798E2-7A44-4DCD-AAF1-2C5CCDCE4F20} = {E16F9976-E346-433C-8116-C7A800F560FE}
		{334AB96A-98B0-4B48-9EAC-F1B9C5A007EA} = {A1AB982B-8022-409F-A3BD-F244FDCEB69D}
		{FCA172AF-850C-403B-80CA-CA4B3D24369C} = {A1AB982B-8022-409F-A3BD-F244FDCEB69D}
		{30493738-6980-417C-AFF5-EAC6ADC884D6} = {A1AB982B-8022-409F-A3BD-F244FDCEB69D}
		{6FC0325D-C486-41DD-8BCC-C8E431C990D4} = {9A39DA02-6933-4780-B45D-4CA61FEAA273}
		{14AD14DD-8011-4091-A115-86D343E6FDC2} = {9A39DA02-6933-4780-B45D-4CA61FEAA273}
		{85C45F8F-84ED-4BB9-83CB-A790B45C8347} = {9A39DA02-6933-4780-B45D-4CA61FEAA273}
		{3AE99937-D53F-4753-8EE3-FA7B7949BDB4} = {0C3D2E7B-5C68-4991-8C7C-4C741F51195F}
		{C21D1361-5332-4731-A8F0-49D505D94479} = {0C3D2E7B-5C68-4991-8C7C-4C741F51195F}
		{1FA79BFB-6D05-414F-923D-EB559BB460B0} = {0C3D2E7B-5C68-4991-8C7C-4C741F51195F}
		{E080C194-6B9B-4A29-A9FB-0E8B5CD1F767} = {4741684A-B9D5-4F4B-A019-4AC59EA76DD8}
		{86296FDE-BEB2-478D-A6ED-1FA4EFC5EF34} = {4741684A-B9D5-4F4B-A019-4AC59EA76DD8}
		{60E66B6C-271A-4C48-B67A-2B49B15B4C35} = {4741684A-B9D5-4F4B-A019-4AC59EA76DD8}
		{88DD0679-A77C-4F0C-B3E8-0AEB5D4EDFD2} = {6E49A6C9-565C-4CC9-846C-1A522E1AACBB}
		{FA06688B-0DB7-4181-AE42-48645F01F831} = {6E49A6C9-565C-4CC9-846C-1A522E1AACBB}
		{0CC4DE58-8D6F-49CA-8089-45825F757A87} = {6E49A6C9-565C-4CC9-846C-1A522E1AACBB}
	EndGlobalSection
	GlobalSection(ExtensibilityGlobals) = postSolution
		SolutionGuid = {6A5BDDE6-D745-4342-AB02-AE035659A5D5}
	EndGlobalSection
EndGlobal
